
Microsoft Visual Studio Solution File, Format Version 12.00
# Visual Studio Version 16
VisualStudioVersion = 16.0.30717.126
MinimumVisualStudioVersion = 10.0.40219.1
Project("{9A19103F-16F7-4668-BE54-9A1E7A4F7556}") = "eShopSolution.WebApp", "eShopSolution.WebApp\eShopSolution.WebApp.csproj", "{79BC9A31-11D2-4AC7-B557-9CAE933B048E}"
EndProject
Project("{2150E333-8FDC-42A3-9474-1A3956D46DE8}") = "Solution Items", "Solution Items", "{CB39CF4D-69F6-4765-A69F-492265918E49}"
	ProjectSection(SolutionItems) = preProject
		README.md = README.md
	EndProjectSection
EndProject
Project("{9A19103F-16F7-4668-BE54-9A1E7A4F7556}") = "eShopSolution.Data", "eShopSolution.Data\eShopSolution.Data.csproj", "{464EAE0D-14A9-4E46-B415-148646D65082}"
EndProject
Project("{9A19103F-16F7-4668-BE54-9A1E7A4F7556}") = "eShopSolution.Application", "eShopSolution.Application\eShopSolution.Application.csproj", "{12FA49C4-E0A5-48B1-A904-5DA049CD0308}"
EndProject
Project("{9A19103F-16F7-4668-BE54-9A1E7A4F7556}") = "eShopSolution.Utilities", "eShopSolution.Utilities\eShopSolution.Utilities.csproj", "{ECF5CE80-1349-4E71-A547-CDD49C45922B}"
EndProject
Project("{9A19103F-16F7-4668-BE54-9A1E7A4F7556}") = "eShopSolution.ViewModels", "eShopSolution.ViewModels\eShopSolution.ViewModels.csproj", "{C1BFD8E0-9E1B-4DAC-B10D-6E9EEA788E53}"
EndProject
Project("{FAE04EC0-301F-11D3-BF4B-00C04F79EFBC}") = "eShopSolution.BackendApi", "eShopSolution.BackendApi\eShopSolution.BackendApi.csproj", "{F23E878B-EF56-46E5-93ED-EE0CE3D79506}"
EndProject
Global
	GlobalSection(SolutionConfigurationPlatforms) = preSolution
		Debug|Any CPU = Debug|Any CPU
		Release|Any CPU = Release|Any CPU
	EndGlobalSection
	GlobalSection(ProjectConfigurationPlatforms) = postSolution
		{79BC9A31-11D2-4AC7-B557-9CAE933B048E}.Debug|Any CPU.ActiveCfg = Debug|Any CPU
		{79BC9A31-11D2-4AC7-B557-9CAE933B048E}.Debug|Any CPU.Build.0 = Debug|Any CPU
		{79BC9A31-11D2-4AC7-B557-9CAE933B048E}.Release|Any CPU.ActiveCfg = Release|Any CPU
		{79BC9A31-11D2-4AC7-B557-9CAE933B048E}.Release|Any CPU.Build.0 = Release|Any CPU
		{464EAE0D-14A9-4E46-B415-148646D65082}.Debug|Any CPU.ActiveCfg = Debug|Any CPU
		{464EAE0D-14A9-4E46-B415-148646D65082}.Debug|Any CPU.Build.0 = Debug|Any CPU
		{464EAE0D-14A9-4E46-B415-148646D65082}.Release|Any CPU.ActiveCfg = Release|Any CPU
		{464EAE0D-14A9-4E46-B415-148646D65082}.Release|Any CPU.Build.0 = Release|Any CPU
		{12FA49C4-E0A5-48B1-A904-5DA049CD0308}.Debug|Any CPU.ActiveCfg = Debug|Any CPU
		{12FA49C4-E0A5-48B1-A904-5DA049CD0308}.Debug|Any CPU.Build.0 = Debug|Any CPU
		{12FA49C4-E0A5-48B1-A904-5DA049CD0308}.Release|Any CPU.ActiveCfg = Release|Any CPU
		{12FA49C4-E0A5-48B1-A904-5DA049CD0308}.Release|Any CPU.Build.0 = Release|Any CPU
		{ECF5CE80-1349-4E71-A547-CDD49C45922B}.Debug|Any CPU.ActiveCfg = Debug|Any CPU
		{ECF5CE80-1349-4E71-A547-CDD49C45922B}.Debug|Any CPU.Build.0 = Debug|Any CPU
		{ECF5CE80-1349-4E71-A547-CDD49C45922B}.Release|Any CPU.ActiveCfg = Release|Any CPU
		{ECF5CE80-1349-4E71-A547-CDD49C45922B}.Release|Any CPU.Build.0 = Release|Any CPU
		{C1BFD8E0-9E1B-4DAC-B10D-6E9EEA788E53}.Debug|Any CPU.ActiveCfg = Debug|Any CPU
		{C1BFD8E0-9E1B-4DAC-B10D-6E9EEA788E53}.Debug|Any CPU.Build.0 = Debug|Any CPU
		{C1BFD8E0-9E1B-4DAC-B10D-6E9EEA788E53}.Release|Any CPU.ActiveCfg = Release|Any CPU
		{C1BFD8E0-9E1B-4DAC-B10D-6E9EEA788E53}.Release|Any CPU.Build.0 = Release|Any CPU
		{F23E878B-EF56-46E5-93ED-EE0CE3D79506}.Debug|Any CPU.ActiveCfg = Debug|Any CPU
		{F23E878B-EF56-46E5-93ED-EE0CE3D79506}.Debug|Any CPU.Build.0 = Debug|Any CPU
		{F23E878B-EF56-46E5-93ED-EE0CE3D79506}.Release|Any CPU.ActiveCfg = Release|Any CPU
		{F23E878B-EF56-46E5-93ED-EE0CE3D79506}.Release|Any CPU.Build.0 = Release|Any CPU
	EndGlobalSection
	GlobalSection(SolutionProperties) = preSolution
		HideSolutionNode = FALSE
	EndGlobalSection
	GlobalSection(ExtensibilityGlobals) = postSolution
		SolutionGuid = {F70019F7-AE1C-43DA-B429-CC56D0E0F3E5}
	EndGlobalSection
EndGlobal
